
Microsoft Visual Studio Solution File, Format Version 12.00
# Visual Studio Version 16
VisualStudioVersion = 16.0.31424.327
MinimumVisualStudioVersion = 10.0.40219.1
Project("{FAE04EC0-301F-11D3-BF4B-00C04F79EFBC}") = "PictureBoxes", "PictureBoxes.csproj", "{27E62900-53E1-4837-98DE-EBBDBA7BC41A}"
EndProject
Project("{2150E333-8FDC-42A3-9474-1A3956D46DE8}") = "Solution Items", "Solution Items", "{DFFCB916-72E1-4DF1-AF27-5AAB05537964}"
EndProject
Global
	GlobalSection(SolutionConfigurationPlatforms) = preSolution
		Debug|Any CPU = Debug|Any CPU
		Release|Any CPU = Release|Any CPU
	EndGlobalSection
	GlobalSection(ProjectConfigurationPlatforms) = postSolution
		{27E62900-53E1-4837-98DE-EBBDBA7BC41A}.Debug|Any CPU.ActiveCfg = Debug|Any CPU
		{27E62900-53E1-4837-98DE-EBBDBA7BC41A}.Debug|Any CPU.Build.0 = Debug|Any CPU
		{27E62900-53E1-4837-98DE-EBBDBA7BC41A}.Release|Any CPU.ActiveCfg = Release|Any CPU
		{27E62900-53E1-4837-98DE-EBBDBA7BC41A}.Release|Any CPU.Build.0 = Release|Any CPU
	EndGlobalSection
	GlobalSection(SolutionProperties) = preSolution
		HideSolutionNode = FALSE
	EndGlobalSection
	GlobalSection(ExtensibilityGlobals) = postSolution
		SolutionGuid = {85B7B82C-DE9D-4B0D-B849-29C41417E18A}
	EndGlobalSection
EndGlobal
